
Microsoft Visual Studio Solution File, Format Version 12.00
# Visual Studio Version 16
VisualStudioVersion = 16.0.31205.134
MinimumVisualStudioVersion = 10.0.40219.1
Project("{FAE04EC0-301F-11D3-BF4B-00C04F79EFBC}") = "AdoNetDemo", "AdoNetDemo\AdoNetDemo.csproj", "{9A1953D0-0710-48FB-BFAA-1C5A75D9DF9F}"
EndProject
Project("{9A19103F-16F7-4668-BE54-9A1E7A4F7556}") = "RepeatInterface", "Repeat\RepeatInterface.csproj", "{C4F507B0-5902-4516-B198-CC4593DED6CD}"
EndProject
Project("{FAE04EC0-301F-11D3-BF4B-00C04F79EFBC}") = "EntityFrameWorkDemo", "EntityFrameWorkDemo\EntityFrameWorkDemo.csproj", "{89CC4885-4824-4750-B176-C2EB631DD03E}"
EndProject
Global
	GlobalSection(SolutionConfigurationPlatforms) = preSolution
		Debug|Any CPU = Debug|Any CPU
		Release|Any CPU = Release|Any CPU
	EndGlobalSection
	GlobalSection(ProjectConfigurationPlatforms) = postSolution
		{9A1953D0-0710-48FB-BFAA-1C5A75D9DF9F}.Debug|Any CPU.ActiveCfg = Debug|Any CPU
		{9A1953D0-0710-48FB-BFAA-1C5A75D9DF9F}.Debug|Any CPU.Build.0 = Debug|Any CPU
		{9A1953D0-0710-48FB-BFAA-1C5A75D9DF9F}.Release|Any CPU.ActiveCfg = Release|Any CPU
		{9A1953D0-0710-48FB-BFAA-1C5A75D9DF9F}.Release|Any CPU.Build.0 = Release|Any CPU
		{C4F507B0-5902-4516-B198-CC4593DED6CD}.Debug|Any CPU.ActiveCfg = Debug|Any CPU
		{C4F507B0-5902-4516-B198-CC4593DED6CD}.Debug|Any CPU.Build.0 = Debug|Any CPU
		{C4F507B0-5902-4516-B198-CC4593DED6CD}.Release|Any CPU.ActiveCfg = Release|Any CPU
		{C4F507B0-5902-4516-B198-CC4593DED6CD}.Release|Any CPU.Build.0 = Release|Any CPU
		{89CC4885-4824-4750-B176-C2EB631DD03E}.Debug|Any CPU.ActiveCfg = Debug|Any CPU
		{89CC4885-4824-4750-B176-C2EB631DD03E}.Debug|Any CPU.Build.0 = Debug|Any CPU
		{89CC4885-4824-4750-B176-C2EB631DD03E}.Release|Any CPU.ActiveCfg = Release|Any CPU
		{89CC4885-4824-4750-B176-C2EB631DD03E}.Release|Any CPU.Build.0 = Release|Any CPU
	EndGlobalSection
	GlobalSection(SolutionProperties) = preSolution
		HideSolutionNode = FALSE
	EndGlobalSection
	GlobalSection(ExtensibilityGlobals) = postSolution
		SolutionGuid = {86B90EA0-C228-4190-AB0D-BD571DE2B975}
	EndGlobalSection
EndGlobal
